// !$*UTF8*$!
{
	archiveVersion = 1;
	classes = {
	};
	objectVersion = 46;
	objects = {

/* Begin PBXBuildFile section */
		6C178996B7D9447D92EAEF5F /* libPods.a in Frameworks */ = {isa = PBXBuildFile; fileRef = 9326F23FDBC14173B2682ED0 /* libPods.a */; };
		FDED6ACB18DB82D7009B1DCB /* Foundation.framework in Frameworks */ = {isa = PBXBuildFile; fileRef = FDED6ACA18DB82D7009B1DCB /* Foundation.framework */; };
		FDED6ACD18DB82D7009B1DCB /* CoreGraphics.framework in Frameworks */ = {isa = PBXBuildFile; fileRef = FDED6ACC18DB82D7009B1DCB /* CoreGraphics.framework */; };
		FDED6ACF18DB82D7009B1DCB /* UIKit.framework in Frameworks */ = {isa = PBXBuildFile; fileRef = FDED6ACE18DB82D7009B1DCB /* UIKit.framework */; };
		FDED6AD518DB82D7009B1DCB /* InfoPlist.strings in Resources */ = {isa = PBXBuildFile; fileRef = FDED6AD318DB82D7009B1DCB /* InfoPlist.strings */; };
		FDED6AD718DB82D7009B1DCB /* main.m in Sources */ = {isa = PBXBuildFile; fileRef = FDED6AD618DB82D7009B1DCB /* main.m */; };
		FDED6ADB18DB82D7009B1DCB /* AppDelegate.m in Sources */ = {isa = PBXBuildFile; fileRef = FDED6ADA18DB82D7009B1DCB /* AppDelegate.m */; };
		FDED6ADD18DB82D7009B1DCB /* Images.xcassets in Resources */ = {isa = PBXBuildFile; fileRef = FDED6ADC18DB82D7009B1DCB /* Images.xcassets */; };
		FDED6AE418DB82D7009B1DCB /* XCTest.framework in Frameworks */ = {isa = PBXBuildFile; fileRef = FDED6AE318DB82D7009B1DCB /* XCTest.framework */; };
		FDED6AE518DB82D7009B1DCB /* Foundation.framework in Frameworks */ = {isa = PBXBuildFile; fileRef = FDED6ACA18DB82D7009B1DCB /* Foundation.framework */; };
		FDED6AE618DB82D7009B1DCB /* UIKit.framework in Frameworks */ = {isa = PBXBuildFile; fileRef = FDED6ACE18DB82D7009B1DCB /* UIKit.framework */; };
		FDED6AFA18DB8352009B1DCB /* .gitignore in Resources */ = {isa = PBXBuildFile; fileRef = FDED6AF918DB8352009B1DCB /* .gitignore */; };
		FDED6AFF18DB9332009B1DCB /* SearchListViewController.m in Sources */ = {isa = PBXBuildFile; fileRef = FDED6AFD18DB9332009B1DCB /* SearchListViewController.m */; };
		FDED6B0018DB9332009B1DCB /* SearchListViewController.xib in Resources */ = {isa = PBXBuildFile; fileRef = FDED6AFE18DB9332009B1DCB /* SearchListViewController.xib */; };
		FDED6B0A18DB970F009B1DCB /* SearchItemCell.m in Sources */ = {isa = PBXBuildFile; fileRef = FDED6B0818DB970F009B1DCB /* SearchItemCell.m */; };
		FDED6B0B18DB970F009B1DCB /* SearchItemCell.xib in Resources */ = {isa = PBXBuildFile; fileRef = FDED6B0918DB970F009B1DCB /* SearchItemCell.xib */; };
		FDED6B0F18DBA26B009B1DCB /* SearchItem.m in Sources */ = {isa = PBXBuildFile; fileRef = FDED6B0E18DBA26B009B1DCB /* SearchItem.m */; };
		FDED6B1218DFA7A7009B1DCB /* YelpClient.m in Sources */ = {isa = PBXBuildFile; fileRef = FDED6B1118DFA7A7009B1DCB /* YelpClient.m */; };
		FDED6B1618E11A36009B1DCB /* FilterViewController.m in Sources */ = {isa = PBXBuildFile; fileRef = FDED6B1418E11A36009B1DCB /* FilterViewController.m */; };
		FDED6B1718E11A36009B1DCB /* FilterViewController.xib in Resources */ = {isa = PBXBuildFile; fileRef = FDED6B1518E11A36009B1DCB /* FilterViewController.xib */; };
/* End PBXBuildFile section */

/* Begin PBXContainerItemProxy section */
		FDED6AE718DB82D7009B1DCB /* PBXContainerItemProxy */ = {
			isa = PBXContainerItemProxy;
			containerPortal = FDED6ABF18DB82D7009B1DCB /* Project object */;
			proxyType = 1;
			remoteGlobalIDString = FDED6AC618DB82D7009B1DCB;
			remoteInfo = Yelp;
		};
/* End PBXContainerItemProxy section */

/* Begin PBXFileReference section */
		3AE349BE5EF94D3CBD7D1755 /* Pods.xcconfig */ = {isa = PBXFileReference; includeInIndex = 1; lastKnownFileType = text.xcconfig; name = Pods.xcconfig; path = Pods/Pods.xcconfig; sourceTree = "<group>"; };
		9326F23FDBC14173B2682ED0 /* libPods.a */ = {isa = PBXFileReference; explicitFileType = archive.ar; includeInIndex = 0; path = libPods.a; sourceTree = BUILT_PRODUCTS_DIR; };
		FDED6AC718DB82D7009B1DCB /* Yelp.app */ = {isa = PBXFileReference; explicitFileType = wrapper.application; includeInIndex = 0; path = Yelp.app; sourceTree = BUILT_PRODUCTS_DIR; };
		FDED6ACA18DB82D7009B1DCB /* Foundation.framework */ = {isa = PBXFileReference; lastKnownFileType = wrapper.framework; name = Foundation.framework; path = System/Library/Frameworks/Foundation.framework; sourceTree = SDKROOT; };
		FDED6ACC18DB82D7009B1DCB /* CoreGraphics.framework */ = {isa = PBXFileReference; lastKnownFileType = wrapper.framework; name = CoreGraphics.framework; path = System/Library/Frameworks/CoreGraphics.framework; sourceTree = SDKROOT; };
		FDED6ACE18DB82D7009B1DCB /* UIKit.framework */ = {isa = PBXFileReference; lastKnownFileType = wrapper.framework; name = UIKit.framework; path = System/Library/Frameworks/UIKit.framework; sourceTree = SDKROOT; };
		FDED6AD218DB82D7009B1DCB /* Yelp-Info.plist */ = {isa = PBXFileReference; lastKnownFileType = text.plist.xml; path = "Yelp-Info.plist"; sourceTree = "<group>"; };
		FDED6AD418DB82D7009B1DCB /* en */ = {isa = PBXFileReference; lastKnownFileType = text.plist.strings; name = en; path = en.lproj/InfoPlist.strings; sourceTree = "<group>"; };
		FDED6AD618DB82D7009B1DCB /* main.m */ = {isa = PBXFileReference; lastKnownFileType = sourcecode.c.objc; path = main.m; sourceTree = "<group>"; };
		FDED6AD818DB82D7009B1DCB /* Yelp-Prefix.pch */ = {isa = PBXFileReference; lastKnownFileType = sourcecode.c.h; path = "Yelp-Prefix.pch"; sourceTree = "<group>"; };
		FDED6AD918DB82D7009B1DCB /* AppDelegate.h */ = {isa = PBXFileReference; lastKnownFileType = sourcecode.c.h; path = AppDelegate.h; sourceTree = "<group>"; };
		FDED6ADA18DB82D7009B1DCB /* AppDelegate.m */ = {isa = PBXFileReference; lastKnownFileType = sourcecode.c.objc; path = AppDelegate.m; sourceTree = "<group>"; };
		FDED6ADC18DB82D7009B1DCB /* Images.xcassets */ = {isa = PBXFileReference; lastKnownFileType = folder.assetcatalog; path = Images.xcassets; sourceTree = "<group>"; };
		FDED6AE218DB82D7009B1DCB /* YelpTests.xctest */ = {isa = PBXFileReference; explicitFileType = wrapper.cfbundle; includeInIndex = 0; path = YelpTests.xctest; sourceTree = BUILT_PRODUCTS_DIR; };
		FDED6AE318DB82D7009B1DCB /* XCTest.framework */ = {isa = PBXFileReference; lastKnownFileType = wrapper.framework; name = XCTest.framework; path = Library/Frameworks/XCTest.framework; sourceTree = DEVELOPER_DIR; };
		FDED6AF918DB8352009B1DCB /* .gitignore */ = {isa = PBXFileReference; fileEncoding = 4; lastKnownFileType = text; path = .gitignore; sourceTree = "<group>"; };
		FDED6AFC18DB9332009B1DCB /* SearchListViewController.h */ = {isa = PBXFileReference; fileEncoding = 4; lastKnownFileType = sourcecode.c.h; path = SearchListViewController.h; sourceTree = "<group>"; };
		FDED6AFD18DB9332009B1DCB /* SearchListViewController.m */ = {isa = PBXFileReference; fileEncoding = 4; lastKnownFileType = sourcecode.c.objc; path = SearchListViewController.m; sourceTree = "<group>"; };
		FDED6AFE18DB9332009B1DCB /* SearchListViewController.xib */ = {isa = PBXFileReference; fileEncoding = 4; lastKnownFileType = file.xib; path = SearchListViewController.xib; sourceTree = "<group>"; };
		FDED6B0718DB970F009B1DCB /* SearchItemCell.h */ = {isa = PBXFileReference; fileEncoding = 4; lastKnownFileType = sourcecode.c.h; path = SearchItemCell.h; sourceTree = "<group>"; };
		FDED6B0818DB970F009B1DCB /* SearchItemCell.m */ = {isa = PBXFileReference; fileEncoding = 4; lastKnownFileType = sourcecode.c.objc; path = SearchItemCell.m; sourceTree = "<group>"; };
		FDED6B0918DB970F009B1DCB /* SearchItemCell.xib */ = {isa = PBXFileReference; fileEncoding = 4; lastKnownFileType = file.xib; path = SearchItemCell.xib; sourceTree = "<group>"; };
		FDED6B0D18DBA26B009B1DCB /* SearchItem.h */ = {isa = PBXFileReference; fileEncoding = 4; lastKnownFileType = sourcecode.c.h; path = SearchItem.h; sourceTree = "<group>"; };
		FDED6B0E18DBA26B009B1DCB /* SearchItem.m */ = {isa = PBXFileReference; fileEncoding = 4; lastKnownFileType = sourcecode.c.objc; path = SearchItem.m; sourceTree = "<group>"; };
		FDED6B1018DFA7A7009B1DCB /* YelpClient.h */ = {isa = PBXFileReference; fileEncoding = 4; lastKnownFileType = sourcecode.c.h; path = YelpClient.h; sourceTree = "<group>"; };
		FDED6B1118DFA7A7009B1DCB /* YelpClient.m */ = {isa = PBXFileReference; fileEncoding = 4; lastKnownFileType = sourcecode.c.objc; path = YelpClient.m; sourceTree = "<group>"; };
		FDED6B1318E11A36009B1DCB /* FilterViewController.h */ = {isa = PBXFileReference; fileEncoding = 4; lastKnownFileType = sourcecode.c.h; path = FilterViewController.h; sourceTree = "<group>"; };
		FDED6B1418E11A36009B1DCB /* FilterViewController.m */ = {isa = PBXFileReference; fileEncoding = 4; lastKnownFileType = sourcecode.c.objc; path = FilterViewController.m; sourceTree = "<group>"; };
		FDED6B1518E11A36009B1DCB /* FilterViewController.xib */ = {isa = PBXFileReference; fileEncoding = 4; lastKnownFileType = file.xib; path = FilterViewController.xib; sourceTree = "<group>"; };
/* End PBXFileReference section */

/* Begin PBXFrameworksBuildPhase section */
		FDED6AC418DB82D7009B1DCB /* Frameworks */ = {
			isa = PBXFrameworksBuildPhase;
			buildActionMask = 2147483647;
			files = (
				FDED6ACD18DB82D7009B1DCB /* CoreGraphics.framework in Frameworks */,
				FDED6ACF18DB82D7009B1DCB /* UIKit.framework in Frameworks */,
				FDED6ACB18DB82D7009B1DCB /* Foundation.framework in Frameworks */,
				6C178996B7D9447D92EAEF5F /* libPods.a in Frameworks */,
			);
			runOnlyForDeploymentPostprocessing = 0;
		};
		FDED6ADF18DB82D7009B1DCB /* Frameworks */ = {
			isa = PBXFrameworksBuildPhase;
			buildActionMask = 2147483647;
			files = (
				FDED6AE418DB82D7009B1DCB /* XCTest.framework in Frameworks */,
				FDED6AE618DB82D7009B1DCB /* UIKit.framework in Frameworks */,
				FDED6AE518DB82D7009B1DCB /* Foundation.framework in Frameworks */,
			);
			runOnlyForDeploymentPostprocessing = 0;
		};
/* End PBXFrameworksBuildPhase section */

/* Begin PBXGroup section */
		FDED6ABE18DB82D7009B1DCB = {
			isa = PBXGroup;
			children = (
				FDED6AF918DB8352009B1DCB /* .gitignore */,
				FDED6AD018DB82D7009B1DCB /* Yelp */,
				FDED6AC918DB82D7009B1DCB /* Frameworks */,
				FDED6AC818DB82D7009B1DCB /* Products */,
				3AE349BE5EF94D3CBD7D1755 /* Pods.xcconfig */,
			);
			sourceTree = "<group>";
		};
		FDED6AC818DB82D7009B1DCB /* Products */ = {
			isa = PBXGroup;
			children = (
				FDED6AC718DB82D7009B1DCB /* Yelp.app */,
				FDED6AE218DB82D7009B1DCB /* YelpTests.xctest */,
			);
			name = Products;
			sourceTree = "<group>";
		};
		FDED6AC918DB82D7009B1DCB /* Frameworks */ = {
			isa = PBXGroup;
			children = (
				FDED6ACA18DB82D7009B1DCB /* Foundation.framework */,
				FDED6ACC18DB82D7009B1DCB /* CoreGraphics.framework */,
				FDED6ACE18DB82D7009B1DCB /* UIKit.framework */,
				FDED6AE318DB82D7009B1DCB /* XCTest.framework */,
				9326F23FDBC14173B2682ED0 /* libPods.a */,
			);
			name = Frameworks;
			sourceTree = "<group>";
		};
		FDED6AD018DB82D7009B1DCB /* Yelp */ = {
			isa = PBXGroup;
			children = (
				FDED6B1018DFA7A7009B1DCB /* YelpClient.h */,
				FDED6B1118DFA7A7009B1DCB /* YelpClient.m */,
				FDED6B0C18DBA25B009B1DCB /* Models */,
				FDED6B0118DB965B009B1DCB /* Views */,
				FDED6AFB18DB92D4009B1DCB /* Controllers */,
				FDED6AD918DB82D7009B1DCB /* AppDelegate.h */,
				FDED6ADA18DB82D7009B1DCB /* AppDelegate.m */,
				FDED6ADC18DB82D7009B1DCB /* Images.xcassets */,
				FDED6AD118DB82D7009B1DCB /* Supporting Files */,
			);
			path = Yelp;
			sourceTree = "<group>";
		};
		FDED6AD118DB82D7009B1DCB /* Supporting Files */ = {
			isa = PBXGroup;
			children = (
				FDED6AD218DB82D7009B1DCB /* Yelp-Info.plist */,
				FDED6AD318DB82D7009B1DCB /* InfoPlist.strings */,
				FDED6AD618DB82D7009B1DCB /* main.m */,
				FDED6AD818DB82D7009B1DCB /* Yelp-Prefix.pch */,
			);
			name = "Supporting Files";
			sourceTree = "<group>";
		};
		FDED6AFB18DB92D4009B1DCB /* Controllers */ = {
			isa = PBXGroup;
			children = (
				FDED6AFC18DB9332009B1DCB /* SearchListViewController.h */,
				FDED6AFD18DB9332009B1DCB /* SearchListViewController.m */,
				FDED6AFE18DB9332009B1DCB /* SearchListViewController.xib */,
				FDED6B1318E11A36009B1DCB /* FilterViewController.h */,
				FDED6B1418E11A36009B1DCB /* FilterViewController.m */,
				FDED6B1518E11A36009B1DCB /* FilterViewController.xib */,
			);
			name = Controllers;
			sourceTree = "<group>";
		};
		FDED6B0118DB965B009B1DCB /* Views */ = {
			isa = PBXGroup;
			children = (
				FDED6B0718DB970F009B1DCB /* SearchItemCell.h */,
				FDED6B0818DB970F009B1DCB /* SearchItemCell.m */,
				FDED6B0918DB970F009B1DCB /* SearchItemCell.xib */,
			);
			name = Views;
			sourceTree = "<group>";
		};
		FDED6B0C18DBA25B009B1DCB /* Models */ = {
			isa = PBXGroup;
			children = (
				FDED6B0D18DBA26B009B1DCB /* SearchItem.h */,
				FDED6B0E18DBA26B009B1DCB /* SearchItem.m */,
			);
			name = Models;
			sourceTree = "<group>";
		};
/* End PBXGroup section */

/* Begin PBXNativeTarget section */
		FDED6AC618DB82D7009B1DCB /* Yelp */ = {
			isa = PBXNativeTarget;
			buildConfigurationList = FDED6AF318DB82D7009B1DCB /* Build configuration list for PBXNativeTarget "Yelp" */;
			buildPhases = (
				B1F5FEB9B6AB45B8BED4C7C7 /* Check Pods Manifest.lock */,
				FDED6AC318DB82D7009B1DCB /* Sources */,
				FDED6AC418DB82D7009B1DCB /* Frameworks */,
				FDED6AC518DB82D7009B1DCB /* Resources */,
				E4585ED4F23049D999ED3D9E /* Copy Pods Resources */,
			);
			buildRules = (
			);
			dependencies = (
			);
			name = Yelp;
			productName = Yelp;
			productReference = FDED6AC718DB82D7009B1DCB /* Yelp.app */;
			productType = "com.apple.product-type.application";
		};
		FDED6AE118DB82D7009B1DCB /* YelpTests */ = {
			isa = PBXNativeTarget;
			buildConfigurationList = FDED6AF618DB82D7009B1DCB /* Build configuration list for PBXNativeTarget "YelpTests" */;
			buildPhases = (
				FDED6ADE18DB82D7009B1DCB /* Sources */,
				FDED6ADF18DB82D7009B1DCB /* Frameworks */,
				FDED6AE018DB82D7009B1DCB /* Resources */,
			);
			buildRules = (
			);
			dependencies = (
				FDED6AE818DB82D7009B1DCB /* PBXTargetDependency */,
			);
			name = YelpTests;
			productName = YelpTests;
			productReference = FDED6AE218DB82D7009B1DCB /* YelpTests.xctest */;
			productType = "com.apple.product-type.bundle.unit-test";
		};
/* End PBXNativeTarget section */

/* Begin PBXProject section */
		FDED6ABF18DB82D7009B1DCB /* Project object */ = {
			isa = PBXProject;
			attributes = {
				LastUpgradeCheck = 0510;
				ORGANIZATIONNAME = "Stepan Grigoryan";
				TargetAttributes = {
					FDED6AE118DB82D7009B1DCB = {
						TestTargetID = FDED6AC618DB82D7009B1DCB;
					};
				};
			};
			buildConfigurationList = FDED6AC218DB82D7009B1DCB /* Build configuration list for PBXProject "Yelp" */;
			compatibilityVersion = "Xcode 3.2";
			developmentRegion = English;
			hasScannedForEncodings = 0;
			knownRegions = (
				en,
			);
			mainGroup = FDED6ABE18DB82D7009B1DCB;
			productRefGroup = FDED6AC818DB82D7009B1DCB /* Products */;
			projectDirPath = "";
			projectRoot = "";
			targets = (
				FDED6AC618DB82D7009B1DCB /* Yelp */,
				FDED6AE118DB82D7009B1DCB /* YelpTests */,
			);
		};
/* End PBXProject section */

/* Begin PBXResourcesBuildPhase section */
		FDED6AC518DB82D7009B1DCB /* Resources */ = {
			isa = PBXResourcesBuildPhase;
			buildActionMask = 2147483647;
			files = (
				FDED6AD518DB82D7009B1DCB /* InfoPlist.strings in Resources */,
				FDED6AFA18DB8352009B1DCB /* .gitignore in Resources */,
				FDED6B0018DB9332009B1DCB /* SearchListViewController.xib in Resources */,
				FDED6B0B18DB970F009B1DCB /* SearchItemCell.xib in Resources */,
				FDED6B1718E11A36009B1DCB /* FilterViewController.xib in Resources */,
				FDED6ADD18DB82D7009B1DCB /* Images.xcassets in Resources */,
			);
			runOnlyForDeploymentPostprocessing = 0;
		};
		FDED6AE018DB82D7009B1DCB /* Resources */ = {
			isa = PBXResourcesBuildPhase;
			buildActionMask = 2147483647;
			files = (
			);
			runOnlyForDeploymentPostprocessing = 0;
		};
/* End PBXResourcesBuildPhase section */

/* Begin PBXShellScriptBuildPhase section */
		B1F5FEB9B6AB45B8BED4C7C7 /* Check Pods Manifest.lock */ = {
			isa = PBXShellScriptBuildPhase;
			buildActionMask = 2147483647;
			files = (
			);
			inputPaths = (
			);
			name = "Check Pods Manifest.lock";
			outputPaths = (
			);
			runOnlyForDeploymentPostprocessing = 0;
			shellPath = /bin/sh;
			shellScript = "diff \"${PODS_ROOT}/../Podfile.lock\" \"${PODS_ROOT}/Manifest.lock\" > /dev/null\nif [[ $? != 0 ]] ; then\n    cat << EOM\nerror: The sandbox is not in sync with the Podfile.lock. Run 'pod install' or update your CocoaPods installation.\nEOM\n    exit 1\nfi\n";
			showEnvVarsInLog = 0;
		};
		E4585ED4F23049D999ED3D9E /* Copy Pods Resources */ = {
			isa = PBXShellScriptBuildPhase;
			buildActionMask = 2147483647;
			files = (
			);
			inputPaths = (
			);
			name = "Copy Pods Resources";
			outputPaths = (
			);
			runOnlyForDeploymentPostprocessing = 0;
			shellPath = /bin/sh;
			shellScript = "\"${SRCROOT}/Pods/Pods-resources.sh\"\n";
			showEnvVarsInLog = 0;
		};
/* End PBXShellScriptBuildPhase section */

/* Begin PBXSourcesBuildPhase section */
		FDED6AC318DB82D7009B1DCB /* Sources */ = {
			isa = PBXSourcesBuildPhase;
			buildActionMask = 2147483647;
			files = (
				FDED6B0A18DB970F009B1DCB /* SearchItemCell.m in Sources */,
				FDED6AFF18DB9332009B1DCB /* SearchListViewController.m in Sources */,
				FDED6B1218DFA7A7009B1DCB /* YelpClient.m in Sources */,
				FDED6ADB18DB82D7009B1DCB /* AppDelegate.m in Sources */,
				FDED6B1618E11A36009B1DCB /* FilterViewController.m in Sources */,
				FDED6B0F18DBA26B009B1DCB /* SearchItem.m in Sources */,
				FDED6AD718DB82D7009B1DCB /* main.m in Sources */,
			);
			runOnlyForDeploymentPostprocessing = 0;
		};
		FDED6ADE18DB82D7009B1DCB /* Sources */ = {
			isa = PBXSourcesBuildPhase;
			buildActionMask = 2147483647;
			files = (
			);
			runOnlyForDeploymentPostprocessing = 0;
		};
/* End PBXSourcesBuildPhase section */

/* Begin PBXTargetDependency section */
		FDED6AE818DB82D7009B1DCB /* PBXTargetDependency */ = {
			isa = PBXTargetDependency;
			target = FDED6AC618DB82D7009B1DCB /* Yelp */;
			targetProxy = FDED6AE718DB82D7009B1DCB /* PBXContainerItemProxy */;
		};
/* End PBXTargetDependency section */

/* Begin PBXVariantGroup section */
		FDED6AD318DB82D7009B1DCB /* InfoPlist.strings */ = {
			isa = PBXVariantGroup;
			children = (
				FDED6AD418DB82D7009B1DCB /* en */,
			);
			name = InfoPlist.strings;
			sourceTree = "<group>";
		};
/* End PBXVariantGroup section */

/* Begin XCBuildConfiguration section */
		FDED6AF118DB82D7009B1DCB /* Debug */ = {
			isa = XCBuildConfiguration;
			buildSettings = {
				ALWAYS_SEARCH_USER_PATHS = NO;
				CLANG_CXX_LANGUAGE_STANDARD = "gnu++0x";
				CLANG_CXX_LIBRARY = "libc++";
				CLANG_ENABLE_MODULES = YES;
				CLANG_ENABLE_OBJC_ARC = YES;
				CLANG_WARN_BOOL_CONVERSION = YES;
				CLANG_WARN_CONSTANT_CONVERSION = YES;
				CLANG_WARN_DIRECT_OBJC_ISA_USAGE = YES_ERROR;
				CLANG_WARN_EMPTY_BODY = YES;
				CLANG_WARN_ENUM_CONVERSION = YES;
				CLANG_WARN_INT_CONVERSION = YES;
				CLANG_WARN_OBJC_ROOT_CLASS = YES_ERROR;
				CLANG_WARN__DUPLICATE_METHOD_MATCH = YES;
				"CODE_SIGN_IDENTITY[sdk=iphoneos*]" = "iPhone Developer";
				COPY_PHASE_STRIP = NO;
				GCC_C_LANGUAGE_STANDARD = gnu99;
				GCC_DYNAMIC_NO_PIC = NO;
				GCC_OPTIMIZATION_LEVEL = 0;
				GCC_PREPROCESSOR_DEFINITIONS = (
					"DEBUG=1",
					"$(inherited)",
				);
				GCC_SYMBOLS_PRIVATE_EXTERN = NO;
				GCC_WARN_64_TO_32_BIT_CONVERSION = YES;
				GCC_WARN_ABOUT_RETURN_TYPE = YES_ERROR;
				GCC_WARN_UNDECLARED_SELECTOR = YES;
				GCC_WARN_UNINITIALIZED_AUTOS = YES_AGGRESSIVE;
				GCC_WARN_UNUSED_FUNCTION = YES;
				GCC_WARN_UNUSED_VARIABLE = YES;
				IPHONEOS_DEPLOYMENT_TARGET = 7.1;
				ONLY_ACTIVE_ARCH = YES;
				SDKROOT = iphoneos;
			};
			name = Debug;
		};
		FDED6AF218DB82D7009B1DCB /* Release */ = {
			isa = XCBuildConfiguration;
			buildSettings = {
				ALWAYS_SEARCH_USER_PATHS = NO;
				CLANG_CXX_LANGUAGE_STANDARD = "gnu++0x";
				CLANG_CXX_LIBRARY = "libc++";
				CLANG_ENABLE_MODULES = YES;
				CLANG_ENABLE_OBJC_ARC = YES;
				CLANG_WARN_BOOL_CONVERSION = YES;
				CLANG_WARN_CONSTANT_CONVERSION = YES;
				CLANG_WARN_DIRECT_OBJC_ISA_USAGE = YES_ERROR;
				CLANG_WARN_EMPTY_BODY = YES;
				CLANG_WARN_ENUM_CONVERSION = YES;
				CLANG_WARN_INT_CONVERSION = YES;
				CLANG_WARN_OBJC_ROOT_CLASS = YES_ERROR;
				CLANG_WARN__DUPLICATE_METHOD_MATCH = YES;
				"CODE_SIGN_IDENTITY[sdk=iphoneos*]" = "iPhone Developer";
				COPY_PHASE_STRIP = YES;
				ENABLE_NS_ASSERTIONS = NO;
				GCC_C_LANGUAGE_STANDARD = gnu99;
				GCC_WARN_64_TO_32_BIT_CONVERSION = YES;
				GCC_WARN_ABOUT_RETURN_TYPE = YES_ERROR;
				GCC_WARN_UNDECLARED_SELECTOR = YES;
				GCC_WARN_UNINITIALIZED_AUTOS = YES_AGGRESSIVE;
				GCC_WARN_UNUSED_FUNCTION = YES;
				GCC_WARN_UNUSED_VARIABLE = YES;
				IPHONEOS_DEPLOYMENT_TARGET = 7.1;
				SDKROOT = iphoneos;
				VALIDATE_PRODUCT = YES;
			};
			name = Release;
		};
		FDED6AF418DB82D7009B1DCB /* Debug */ = {
			isa = XCBuildConfiguration;
			baseConfigurationReference = 3AE349BE5EF94D3CBD7D1755 /* Pods.xcconfig */;
			buildSettings = {
				ASSETCATALOG_COMPILER_APPICON_NAME = AppIcon;
				ASSETCATALOG_COMPILER_LAUNCHIMAGE_NAME = LaunchImage;
				GCC_PRECOMPILE_PREFIX_HEADER = YES;
				GCC_PREFIX_HEADER = "Yelp/Yelp-Prefix.pch";
				INFOPLIST_FILE = "Yelp/Yelp-Info.plist";
				PRODUCT_NAME = "$(TARGET_NAME)";
				WRAPPER_EXTENSION = app;
			};
			name = Debug;
		};
		FDED6AF518DB82D7009B1DCB /* Release */ = {
			isa = XCBuildConfiguration;
			baseConfigurationReference = 3AE349BE5EF94D3CBD7D1755 /* Pods.xcconfig */;
			buildSettings = {
				ASSETCATALOG_COMPILER_APPICON_NAME = AppIcon;
				ASSETCATALOG_COMPILER_LAUNCHIMAGE_NAME = LaunchImage;
				GCC_PRECOMPILE_PREFIX_HEADER = YES;
				GCC_PREFIX_HEADER = "Yelp/Yelp-Prefix.pch";
				INFOPLIST_FILE = "Yelp/Yelp-Info.plist";
				PRODUCT_NAME = "$(TARGET_NAME)";
				WRAPPER_EXTENSION = app;
			};
			name = Release;
		};
		FDED6AF718DB82D7009B1DCB /* Debug */ = {
			isa = XCBuildConfiguration;
			buildSettings = {
				BUNDLE_LOADER = "$(BUILT_PRODUCTS_DIR)/Yelp.app/Yelp";
				FRAMEWORK_SEARCH_PATHS = (
					"$(SDKROOT)/Developer/Library/Frameworks",
					"$(inherited)",
					"$(DEVELOPER_FRAMEWORKS_DIR)",
				);
				GCC_PRECOMPILE_PREFIX_HEADER = YES;
				GCC_PREFIX_HEADER = "Yelp/Yelp-Prefix.pch";
				GCC_PREPROCESSOR_DEFINITIONS = (
					"DEBUG=1",
					"$(inherited)",
				);
				INFOPLIST_FILE = "YelpTests/YelpTests-Info.plist";
				PRODUCT_NAME = "$(TARGET_NAME)";
				TEST_HOST = "$(BUNDLE_LOADER)";
				WRAPPER_EXTENSION = xctest;
			};
			name = Debug;
		};
		FDED6AF818DB82D7009B1DCB /* Release */ = {
			isa = XCBuildConfiguration;
			buildSettings = {
				BUNDLE_LOADER = "$(BUILT_PRODUCTS_DIR)/Yelp.app/Yelp";
				FRAMEWORK_SEARCH_PATHS = (
					"$(SDKROOT)/Developer/Library/Frameworks",
					"$(inherited)",
					"$(DEVELOPER_FRAMEWORKS_DIR)",
				);
				GCC_PRECOMPILE_PREFIX_HEADER = YES;
				GCC_PREFIX_HEADER = "Yelp/Yelp-Prefix.pch";
				INFOPLIST_FILE = "YelpTests/YelpTests-Info.plist";
				PRODUCT_NAME = "$(TARGET_NAME)";
				TEST_HOST = "$(BUNDLE_LOADER)";
				WRAPPER_EXTENSION = xctest;
			};
			name = Release;
		};
/* End XCBuildConfiguration section */

/* Begin XCConfigurationList section */
		FDED6AC218DB82D7009B1DCB /* Build configuration list for PBXProject "Yelp" */ = {
			isa = XCConfigurationList;
			buildConfigurations = (
				FDED6AF118DB82D7009B1DCB /* Debug */,
				FDED6AF218DB82D7009B1DCB /* Release */,
			);
			defaultConfigurationIsVisible = 0;
			defaultConfigurationName = Release;
		};
		FDED6AF318DB82D7009B1DCB /* Build configuration list for PBXNativeTarget "Yelp" */ = {
			isa = XCConfigurationList;
			buildConfigurations = (
				FDED6AF418DB82D7009B1DCB /* Debug */,
				FDED6AF518DB82D7009B1DCB /* Release */,
			);
			defaultConfigurationIsVisible = 0;
			defaultConfigurationName = Release;
		};
		FDED6AF618DB82D7009B1DCB /* Build configuration list for PBXNativeTarget "YelpTests" */ = {
			isa = XCConfigurationList;
			buildConfigurations = (
				FDED6AF718DB82D7009B1DCB /* Debug */,
				FDED6AF818DB82D7009B1DCB /* Release */,
			);
			defaultConfigurationIsVisible = 0;
			defaultConfigurationName = Release;
		};
/* End XCConfigurationList section */
	};
	rootObject = FDED6ABF18DB82D7009B1DCB /* Project object */;
}
